// !$*UTF8*$!
{
	archiveVersion = 1;
	classes = {
	};
	objectVersion = 46;
	objects = {

/* Begin PBXBuildFile section */
		0CD862D72D31303B7F7C6D2B /* Pods_InstagramTests.framework in Frameworks */ = {isa = PBXBuildFile; fileRef = A40900FE8D3A8918DB27DF4D /* Pods_InstagramTests.framework */; };
		9468F035FA62A74B5CB617C3 /* Pods_InstagramUITests.framework in Frameworks */ = {isa = PBXBuildFile; fileRef = 16EA391CCAA4C321D89455D0 /* Pods_InstagramUITests.framework */; };
		CC4682101F03218100BAF684 /* FeedViewController.swift in Sources */ = {isa = PBXBuildFile; fileRef = CC46820F1F03218100BAF684 /* FeedViewController.swift */; };
		CC4E1DD41F01C29C00C4B31A /* AppDelegate.swift in Sources */ = {isa = PBXBuildFile; fileRef = CC4E1DD31F01C29C00C4B31A /* AppDelegate.swift */; };
		CC4E1DD61F01C29C00C4B31A /* PhotoMapViewController.swift in Sources */ = {isa = PBXBuildFile; fileRef = CC4E1DD51F01C29C00C4B31A /* PhotoMapViewController.swift */; };
		CC4E1DD91F01C29C00C4B31A /* Main.storyboard in Resources */ = {isa = PBXBuildFile; fileRef = CC4E1DD71F01C29C00C4B31A /* Main.storyboard */; };
		CC4E1DDB1F01C29C00C4B31A /* Assets.xcassets in Resources */ = {isa = PBXBuildFile; fileRef = CC4E1DDA1F01C29C00C4B31A /* Assets.xcassets */; };
		CC4E1DDE1F01C29C00C4B31A /* LaunchScreen.storyboard in Resources */ = {isa = PBXBuildFile; fileRef = CC4E1DDC1F01C29C00C4B31A /* LaunchScreen.storyboard */; };
		CC4E1DE91F01C29C00C4B31A /* InstagramTests.swift in Sources */ = {isa = PBXBuildFile; fileRef = CC4E1DE81F01C29C00C4B31A /* InstagramTests.swift */; };
		CC4E1DF41F01C29C00C4B31A /* InstagramUITests.swift in Sources */ = {isa = PBXBuildFile; fileRef = CC4E1DF31F01C29C00C4B31A /* InstagramUITests.swift */; };
		CC4E1E021F01C74E00C4B31A /* LoginViewController.swift in Sources */ = {isa = PBXBuildFile; fileRef = CC4E1E011F01C74E00C4B31A /* LoginViewController.swift */; };
		CC4E1E041F03076300C4B31A /* Post.swift in Sources */ = {isa = PBXBuildFile; fileRef = CC4E1E031F03076300C4B31A /* Post.swift */; };
		CC7DFD571F03150800B84728 /* PostCell.swift in Sources */ = {isa = PBXBuildFile; fileRef = CC7DFD561F03150800B84728 /* PostCell.swift */; };
		CCCC6EB01F046D69008D9D53 /* ProfileViewController.swift in Sources */ = {isa = PBXBuildFile; fileRef = CCCC6EAF1F046D69008D9D53 /* ProfileViewController.swift */; };
		CCCC6EB41F047320008D9D53 /* gramProfileCell.swift in Sources */ = {isa = PBXBuildFile; fileRef = CCCC6EB31F047320008D9D53 /* gramProfileCell.swift */; };
		CCCC6EB61F047FAC008D9D53 /* DetailViewController.swift in Sources */ = {isa = PBXBuildFile; fileRef = CCCC6EB51F047FAC008D9D53 /* DetailViewController.swift */; };
		F83E93E52092A2BB515B80EA /* Pods_Instagram.framework in Frameworks */ = {isa = PBXBuildFile; fileRef = 31650B9C26BEF6D81053D95C /* Pods_Instagram.framework */; };
/* End PBXBuildFile section */

/* Begin PBXContainerItemProxy section */
		CC4E1DE51F01C29C00C4B31A /* PBXContainerItemProxy */ = {
			isa = PBXContainerItemProxy;
			containerPortal = CC4E1DC81F01C29C00C4B31A /* Project object */;
			proxyType = 1;
			remoteGlobalIDString = CC4E1DCF1F01C29C00C4B31A;
			remoteInfo = Instagram;
		};
		CC4E1DF01F01C29C00C4B31A /* PBXContainerItemProxy */ = {
			isa = PBXContainerItemProxy;
			containerPortal = CC4E1DC81F01C29C00C4B31A /* Project object */;
			proxyType = 1;
			remoteGlobalIDString = CC4E1DCF1F01C29C00C4B31A;
			remoteInfo = Instagram;
		};
/* End PBXContainerItemProxy section */

/* Begin PBXFileReference section */
		0BE2CE6A95A05FD2BA074D16 /* Pods-Instagram.release.xcconfig */ = {isa = PBXFileReference; includeInIndex = 1; lastKnownFileType = text.xcconfig; name = "Pods-Instagram.release.xcconfig"; path = "Pods/Target Support Files/Pods-Instagram/Pods-Instagram.release.xcconfig"; sourceTree = "<group>"; };
		16EA391CCAA4C321D89455D0 /* Pods_InstagramUITests.framework */ = {isa = PBXFileReference; explicitFileType = wrapper.framework; includeInIndex = 0; path = Pods_InstagramUITests.framework; sourceTree = BUILT_PRODUCTS_DIR; };
		31650B9C26BEF6D81053D95C /* Pods_Instagram.framework */ = {isa = PBXFileReference; explicitFileType = wrapper.framework; includeInIndex = 0; path = Pods_Instagram.framework; sourceTree = BUILT_PRODUCTS_DIR; };
		4475B3962F5B6F84E65BB023 /* Pods-Instagram.debug.xcconfig */ = {isa = PBXFileReference; includeInIndex = 1; lastKnownFileType = text.xcconfig; name = "Pods-Instagram.debug.xcconfig"; path = "Pods/Target Support Files/Pods-Instagram/Pods-Instagram.debug.xcconfig"; sourceTree = "<group>"; };
		749C7425213A6801CDF38F25 /* Pods-InstagramTests.debug.xcconfig */ = {isa = PBXFileReference; includeInIndex = 1; lastKnownFileType = text.xcconfig; name = "Pods-InstagramTests.debug.xcconfig"; path = "Pods/Target Support Files/Pods-InstagramTests/Pods-InstagramTests.debug.xcconfig"; sourceTree = "<group>"; };
		9E0BD5A11E0BF8A0B6E5F080 /* Pods-InstagramUITests.debug.xcconfig */ = {isa = PBXFileReference; includeInIndex = 1; lastKnownFileType = text.xcconfig; name = "Pods-InstagramUITests.debug.xcconfig"; path = "Pods/Target Support Files/Pods-InstagramUITests/Pods-InstagramUITests.debug.xcconfig"; sourceTree = "<group>"; };
		A40900FE8D3A8918DB27DF4D /* Pods_InstagramTests.framework */ = {isa = PBXFileReference; explicitFileType = wrapper.framework; includeInIndex = 0; path = Pods_InstagramTests.framework; sourceTree = BUILT_PRODUCTS_DIR; };
		C03802096040B423BB739E11 /* Pods-InstagramUITests.release.xcconfig */ = {isa = PBXFileReference; includeInIndex = 1; lastKnownFileType = text.xcconfig; name = "Pods-InstagramUITests.release.xcconfig"; path = "Pods/Target Support Files/Pods-InstagramUITests/Pods-InstagramUITests.release.xcconfig"; sourceTree = "<group>"; };
		CC46820F1F03218100BAF684 /* FeedViewController.swift */ = {isa = PBXFileReference; fileEncoding = 4; lastKnownFileType = sourcecode.swift; path = FeedViewController.swift; sourceTree = "<group>"; };
		CC4E1DD01F01C29C00C4B31A /* Instagram.app */ = {isa = PBXFileReference; explicitFileType = wrapper.application; includeInIndex = 0; path = Instagram.app; sourceTree = BUILT_PRODUCTS_DIR; };
		CC4E1DD31F01C29C00C4B31A /* AppDelegate.swift */ = {isa = PBXFileReference; lastKnownFileType = sourcecode.swift; path = AppDelegate.swift; sourceTree = "<group>"; };
		CC4E1DD51F01C29C00C4B31A /* PhotoMapViewController.swift */ = {isa = PBXFileReference; lastKnownFileType = sourcecode.swift; path = PhotoMapViewController.swift; sourceTree = "<group>"; };
		CC4E1DD81F01C29C00C4B31A /* Base */ = {isa = PBXFileReference; lastKnownFileType = file.storyboard; name = Base; path = Base.lproj/Main.storyboard; sourceTree = "<group>"; };
		CC4E1DDA1F01C29C00C4B31A /* Assets.xcassets */ = {isa = PBXFileReference; lastKnownFileType = folder.assetcatalog; path = Assets.xcassets; sourceTree = "<group>"; };
		CC4E1DDD1F01C29C00C4B31A /* Base */ = {isa = PBXFileReference; lastKnownFileType = file.storyboard; name = Base; path = Base.lproj/LaunchScreen.storyboard; sourceTree = "<group>"; };
		CC4E1DDF1F01C29C00C4B31A /* Info.plist */ = {isa = PBXFileReference; lastKnownFileType = text.plist.xml; path = Info.plist; sourceTree = "<group>"; };
		CC4E1DE41F01C29C00C4B31A /* InstagramTests.xctest */ = {isa = PBXFileReference; explicitFileType = wrapper.cfbundle; includeInIndex = 0; path = InstagramTests.xctest; sourceTree = BUILT_PRODUCTS_DIR; };
		CC4E1DE81F01C29C00C4B31A /* InstagramTests.swift */ = {isa = PBXFileReference; lastKnownFileType = sourcecode.swift; path = InstagramTests.swift; sourceTree = "<group>"; };
		CC4E1DEA1F01C29C00C4B31A /* Info.plist */ = {isa = PBXFileReference; lastKnownFileType = text.plist.xml; path = Info.plist; sourceTree = "<group>"; };
		CC4E1DEF1F01C29C00C4B31A /* InstagramUITests.xctest */ = {isa = PBXFileReference; explicitFileType = wrapper.cfbundle; includeInIndex = 0; path = InstagramUITests.xctest; sourceTree = BUILT_PRODUCTS_DIR; };
		CC4E1DF31F01C29C00C4B31A /* InstagramUITests.swift */ = {isa = PBXFileReference; lastKnownFileType = sourcecode.swift; path = InstagramUITests.swift; sourceTree = "<group>"; };
		CC4E1DF51F01C29C00C4B31A /* Info.plist */ = {isa = PBXFileReference; lastKnownFileType = text.plist.xml; path = Info.plist; sourceTree = "<group>"; };
		CC4E1E011F01C74E00C4B31A /* LoginViewController.swift */ = {isa = PBXFileReference; fileEncoding = 4; lastKnownFileType = sourcecode.swift; path = LoginViewController.swift; sourceTree = "<group>"; };
		CC4E1E031F03076300C4B31A /* Post.swift */ = {isa = PBXFileReference; fileEncoding = 4; lastKnownFileType = sourcecode.swift; path = Post.swift; sourceTree = "<group>"; };
		CC7DFD561F03150800B84728 /* PostCell.swift */ = {isa = PBXFileReference; fileEncoding = 4; lastKnownFileType = sourcecode.swift; path = PostCell.swift; sourceTree = "<group>"; };
		CCCC6EAF1F046D69008D9D53 /* ProfileViewController.swift */ = {isa = PBXFileReference; fileEncoding = 4; lastKnownFileType = sourcecode.swift; path = ProfileViewController.swift; sourceTree = "<group>"; };
		CCCC6EB31F047320008D9D53 /* gramProfileCell.swift */ = {isa = PBXFileReference; fileEncoding = 4; lastKnownFileType = sourcecode.swift; path = gramProfileCell.swift; sourceTree = "<group>"; };
		CCCC6EB51F047FAC008D9D53 /* DetailViewController.swift */ = {isa = PBXFileReference; fileEncoding = 4; lastKnownFileType = sourcecode.swift; path = DetailViewController.swift; sourceTree = "<group>"; };
		F48F2400FDC586B0FF4E291F /* Pods-InstagramTests.release.xcconfig */ = {isa = PBXFileReference; includeInIndex = 1; lastKnownFileType = text.xcconfig; name = "Pods-InstagramTests.release.xcconfig"; path = "Pods/Target Support Files/Pods-InstagramTests/Pods-InstagramTests.release.xcconfig"; sourceTree = "<group>"; };
/* End PBXFileReference section */

/* Begin PBXFrameworksBuildPhase section */
		CC4E1DCD1F01C29C00C4B31A /* Frameworks */ = {
			isa = PBXFrameworksBuildPhase;
			buildActionMask = 2147483647;
			files = (
				F83E93E52092A2BB515B80EA /* Pods_Instagram.framework in Frameworks */,
			);
			runOnlyForDeploymentPostprocessing = 0;
		};
		CC4E1DE11F01C29C00C4B31A /* Frameworks */ = {
			isa = PBXFrameworksBuildPhase;
			buildActionMask = 2147483647;
			files = (
				0CD862D72D31303B7F7C6D2B /* Pods_InstagramTests.framework in Frameworks */,
			);
			runOnlyForDeploymentPostprocessing = 0;
		};
		CC4E1DEC1F01C29C00C4B31A /* Frameworks */ = {
			isa = PBXFrameworksBuildPhase;
			buildActionMask = 2147483647;
			files = (
				9468F035FA62A74B5CB617C3 /* Pods_InstagramUITests.framework in Frameworks */,
			);
			runOnlyForDeploymentPostprocessing = 0;
		};
/* End PBXFrameworksBuildPhase section */

/* Begin PBXGroup section */
		29B9353FE9A08A30DA958346 /* Pods */ = {
			isa = PBXGroup;
			children = (
				4475B3962F5B6F84E65BB023 /* Pods-Instagram.debug.xcconfig */,
				0BE2CE6A95A05FD2BA074D16 /* Pods-Instagram.release.xcconfig */,
				749C7425213A6801CDF38F25 /* Pods-InstagramTests.debug.xcconfig */,
				F48F2400FDC586B0FF4E291F /* Pods-InstagramTests.release.xcconfig */,
				9E0BD5A11E0BF8A0B6E5F080 /* Pods-InstagramUITests.debug.xcconfig */,
				C03802096040B423BB739E11 /* Pods-InstagramUITests.release.xcconfig */,
			);
			name = Pods;
			sourceTree = "<group>";
		};
		B429BFD4F0B6F84809F5C3E5 /* Frameworks */ = {
			isa = PBXGroup;
			children = (
				31650B9C26BEF6D81053D95C /* Pods_Instagram.framework */,
				A40900FE8D3A8918DB27DF4D /* Pods_InstagramTests.framework */,
				16EA391CCAA4C321D89455D0 /* Pods_InstagramUITests.framework */,
			);
			name = Frameworks;
			sourceTree = "<group>";
		};
		CC4E1DC71F01C29C00C4B31A = {
			isa = PBXGroup;
			children = (
				CC4E1DD21F01C29C00C4B31A /* Instagram */,
				CC4E1DE71F01C29C00C4B31A /* InstagramTests */,
				CC4E1DF21F01C29C00C4B31A /* InstagramUITests */,
				CC4E1DD11F01C29C00C4B31A /* Products */,
				29B9353FE9A08A30DA958346 /* Pods */,
				B429BFD4F0B6F84809F5C3E5 /* Frameworks */,
			);
			sourceTree = "<group>";
		};
		CC4E1DD11F01C29C00C4B31A /* Products */ = {
			isa = PBXGroup;
			children = (
				CC4E1DD01F01C29C00C4B31A /* Instagram.app */,
				CC4E1DE41F01C29C00C4B31A /* InstagramTests.xctest */,
				CC4E1DEF1F01C29C00C4B31A /* InstagramUITests.xctest */,
			);
			name = Products;
			sourceTree = "<group>";
		};
		CC4E1DD21F01C29C00C4B31A /* Instagram */ = {
			isa = PBXGroup;
			children = (
				CC7DFD591F03152400B84728 /* Misc */,
				CC7DFD581F03151400B84728 /* ViewControllers */,
				CC4E1DD71F01C29C00C4B31A /* Main.storyboard */,
				CC7DFD561F03150800B84728 /* PostCell.swift */,
				CCCC6EB31F047320008D9D53 /* gramProfileCell.swift */,
				CC4E1E031F03076300C4B31A /* Post.swift */,
			);
			path = Instagram;
			sourceTree = "<group>";
		};
		CC4E1DE71F01C29C00C4B31A /* InstagramTests */ = {
			isa = PBXGroup;
			children = (
				CC4E1DE81F01C29C00C4B31A /* InstagramTests.swift */,
				CC4E1DEA1F01C29C00C4B31A /* Info.plist */,
			);
			path = InstagramTests;
			sourceTree = "<group>";
		};
		CC4E1DF21F01C29C00C4B31A /* InstagramUITests */ = {
			isa = PBXGroup;
			children = (
				CC4E1DF31F01C29C00C4B31A /* InstagramUITests.swift */,
				CC4E1DF51F01C29C00C4B31A /* Info.plist */,
			);
			path = InstagramUITests;
			sourceTree = "<group>";
		};
		CC7DFD581F03151400B84728 /* ViewControllers */ = {
			isa = PBXGroup;
			children = (
				CC4E1E011F01C74E00C4B31A /* LoginViewController.swift */,
				CC4E1DD51F01C29C00C4B31A /* PhotoMapViewController.swift */,
				CC46820F1F03218100BAF684 /* FeedViewController.swift */,
				CCCC6EB51F047FAC008D9D53 /* DetailViewController.swift */,
				CCCC6EAF1F046D69008D9D53 /* ProfileViewController.swift */,
			);
			name = ViewControllers;
			sourceTree = "<group>";
		};
		CC7DFD591F03152400B84728 /* Misc */ = {
			isa = PBXGroup;
			children = (
				CC4E1DDC1F01C29C00C4B31A /* LaunchScreen.storyboard */,
				CC4E1DDA1F01C29C00C4B31A /* Assets.xcassets */,
				CC4E1DDF1F01C29C00C4B31A /* Info.plist */,
				CC4E1DD31F01C29C00C4B31A /* AppDelegate.swift */,
			);
			name = Misc;
			sourceTree = "<group>";
		};
/* End PBXGroup section */

/* Begin PBXNativeTarget section */
		CC4E1DCF1F01C29C00C4B31A /* Instagram */ = {
			isa = PBXNativeTarget;
			buildConfigurationList = CC4E1DF81F01C29C00C4B31A /* Build configuration list for PBXNativeTarget "Instagram" */;
			buildPhases = (
				07275F03C2012CB356522270 /* [CP] Check Pods Manifest.lock */,
				CC4E1DCC1F01C29C00C4B31A /* Sources */,
				CC4E1DCD1F01C29C00C4B31A /* Frameworks */,
				CC4E1DCE1F01C29C00C4B31A /* Resources */,
				48BF50B3A8CBF1459B30E1B2 /* [CP] Embed Pods Frameworks */,
				8F83A6481DC6B02BD32FCFD1 /* [CP] Copy Pods Resources */,
			);
			buildRules = (
			);
			dependencies = (
			);
			name = Instagram;
			productName = Instagram;
			productReference = CC4E1DD01F01C29C00C4B31A /* Instagram.app */;
			productType = "com.apple.product-type.application";
		};
		CC4E1DE31F01C29C00C4B31A /* InstagramTests */ = {
			isa = PBXNativeTarget;
			buildConfigurationList = CC4E1DFB1F01C29C00C4B31A /* Build configuration list for PBXNativeTarget "InstagramTests" */;
			buildPhases = (
				01C9DDAC9DEAA3F3522CA879 /* [CP] Check Pods Manifest.lock */,
				CC4E1DE01F01C29C00C4B31A /* Sources */,
				CC4E1DE11F01C29C00C4B31A /* Frameworks */,
				CC4E1DE21F01C29C00C4B31A /* Resources */,
				6520747DF48BD60C661CF456 /* [CP] Embed Pods Frameworks */,
				B4CFC69F73C666EE935D4ABA /* [CP] Copy Pods Resources */,
			);
			buildRules = (
			);
			dependencies = (
				CC4E1DE61F01C29C00C4B31A /* PBXTargetDependency */,
			);
			name = InstagramTests;
			productName = InstagramTests;
			productReference = CC4E1DE41F01C29C00C4B31A /* InstagramTests.xctest */;
			productType = "com.apple.product-type.bundle.unit-test";
		};
		CC4E1DEE1F01C29C00C4B31A /* InstagramUITests */ = {
			isa = PBXNativeTarget;
			buildConfigurationList = CC4E1DFE1F01C29C00C4B31A /* Build configuration list for PBXNativeTarget "InstagramUITests" */;
			buildPhases = (
				9B5B7BFDA30B7EC82B1CBF34 /* [CP] Check Pods Manifest.lock */,
				CC4E1DEB1F01C29C00C4B31A /* Sources */,
				CC4E1DEC1F01C29C00C4B31A /* Frameworks */,
				CC4E1DED1F01C29C00C4B31A /* Resources */,
				F961C4526B3092BCF96886EE /* [CP] Embed Pods Frameworks */,
				99EEB3EB2E68004884FD39A9 /* [CP] Copy Pods Resources */,
			);
			buildRules = (
			);
			dependencies = (
				CC4E1DF11F01C29C00C4B31A /* PBXTargetDependency */,
			);
			name = InstagramUITests;
			productName = InstagramUITests;
			productReference = CC4E1DEF1F01C29C00C4B31A /* InstagramUITests.xctest */;
			productType = "com.apple.product-type.bundle.ui-testing";
		};
/* End PBXNativeTarget section */

/* Begin PBXProject section */
		CC4E1DC81F01C29C00C4B31A /* Project object */ = {
			isa = PBXProject;
			attributes = {
				LastSwiftUpdateCheck = 0830;
				LastUpgradeCheck = 0830;
				ORGANIZATIONNAME = "Michael Hamlett";
				TargetAttributes = {
					CC4E1DCF1F01C29C00C4B31A = {
						CreatedOnToolsVersion = 8.3.3;
						DevelopmentTeam = DY98KN5R7D;
						ProvisioningStyle = Automatic;
					};
					CC4E1DE31F01C29C00C4B31A = {
						CreatedOnToolsVersion = 8.3.3;
						ProvisioningStyle = Automatic;
						TestTargetID = CC4E1DCF1F01C29C00C4B31A;
					};
					CC4E1DEE1F01C29C00C4B31A = {
						CreatedOnToolsVersion = 8.3.3;
						ProvisioningStyle = Automatic;
						TestTargetID = CC4E1DCF1F01C29C00C4B31A;
					};
				};
			};
			buildConfigurationList = CC4E1DCB1F01C29C00C4B31A /* Build configuration list for PBXProject "Instagram" */;
			compatibilityVersion = "Xcode 3.2";
			developmentRegion = English;
			hasScannedForEncodings = 0;
			knownRegions = (
				en,
				Base,
			);
			mainGroup = CC4E1DC71F01C29C00C4B31A;
			productRefGroup = CC4E1DD11F01C29C00C4B31A /* Products */;
			projectDirPath = "";
			projectRoot = "";
			targets = (
				CC4E1DCF1F01C29C00C4B31A /* Instagram */,
				CC4E1DE31F01C29C00C4B31A /* InstagramTests */,
				CC4E1DEE1F01C29C00C4B31A /* InstagramUITests */,
			);
		};
/* End PBXProject section */

/* Begin PBXResourcesBuildPhase section */
		CC4E1DCE1F01C29C00C4B31A /* Resources */ = {
			isa = PBXResourcesBuildPhase;
			buildActionMask = 2147483647;
			files = (
				CC4E1DDE1F01C29C00C4B31A /* LaunchScreen.storyboard in Resources */,
				CC4E1DDB1F01C29C00C4B31A /* Assets.xcassets in Resources */,
				CC4E1DD91F01C29C00C4B31A /* Main.storyboard in Resources */,
			);
			runOnlyForDeploymentPostprocessing = 0;
		};
		CC4E1DE21F01C29C00C4B31A /* Resources */ = {
			isa = PBXResourcesBuildPhase;
			buildActionMask = 2147483647;
			files = (
			);
			runOnlyForDeploymentPostprocessing = 0;
		};
		CC4E1DED1F01C29C00C4B31A /* Resources */ = {
			isa = PBXResourcesBuildPhase;
			buildActionMask = 2147483647;
			files = (
			);
			runOnlyForDeploymentPostprocessing = 0;
		};
/* End PBXResourcesBuildPhase section */

/* Begin PBXShellScriptBuildPhase section */
		01C9DDAC9DEAA3F3522CA879 /* [CP] Check Pods Manifest.lock */ = {
			isa = PBXShellScriptBuildPhase;
			buildActionMask = 2147483647;
			files = (
			);
			inputPaths = (
			);
			name = "[CP] Check Pods Manifest.lock";
			outputPaths = (
			);
			runOnlyForDeploymentPostprocessing = 0;
			shellPath = /bin/sh;
			shellScript = "diff \"${PODS_PODFILE_DIR_PATH}/Podfile.lock\" \"${PODS_ROOT}/Manifest.lock\" > /dev/null\nif [ $? != 0 ] ; then\n    # print error to STDERR\n    echo \"error: The sandbox is not in sync with the Podfile.lock. Run 'pod install' or update your CocoaPods installation.\" >&2\n    exit 1\nfi\n";
			showEnvVarsInLog = 0;
		};
		07275F03C2012CB356522270 /* [CP] Check Pods Manifest.lock */ = {
			isa = PBXShellScriptBuildPhase;
			buildActionMask = 2147483647;
			files = (
			);
			inputPaths = (
			);
			name = "[CP] Check Pods Manifest.lock";
			outputPaths = (
			);
			runOnlyForDeploymentPostprocessing = 0;
			shellPath = /bin/sh;
			shellScript = "diff \"${PODS_PODFILE_DIR_PATH}/Podfile.lock\" \"${PODS_ROOT}/Manifest.lock\" > /dev/null\nif [ $? != 0 ] ; then\n    # print error to STDERR\n    echo \"error: The sandbox is not in sync with the Podfile.lock. Run 'pod install' or update your CocoaPods installation.\" >&2\n    exit 1\nfi\n";
			showEnvVarsInLog = 0;
		};
		48BF50B3A8CBF1459B30E1B2 /* [CP] Embed Pods Frameworks */ = {
			isa = PBXShellScriptBuildPhase;
			buildActionMask = 2147483647;
			files = (
			);
			inputPaths = (
			);
			name = "[CP] Embed Pods Frameworks";
			outputPaths = (
			);
			runOnlyForDeploymentPostprocessing = 0;
			shellPath = /bin/sh;
			shellScript = "\"${SRCROOT}/Pods/Target Support Files/Pods-Instagram/Pods-Instagram-frameworks.sh\"\n";
			showEnvVarsInLog = 0;
		};
		6520747DF48BD60C661CF456 /* [CP] Embed Pods Frameworks */ = {
			isa = PBXShellScriptBuildPhase;
			buildActionMask = 2147483647;
			files = (
			);
			inputPaths = (
			);
			name = "[CP] Embed Pods Frameworks";
			outputPaths = (
			);
			runOnlyForDeploymentPostprocessing = 0;
			shellPath = /bin/sh;
			shellScript = "\"${SRCROOT}/Pods/Target Support Files/Pods-InstagramTests/Pods-InstagramTests-frameworks.sh\"\n";
			showEnvVarsInLog = 0;
		};
		8F83A6481DC6B02BD32FCFD1 /* [CP] Copy Pods Resources */ = {
			isa = PBXShellScriptBuildPhase;
			buildActionMask = 2147483647;
			files = (
			);
			inputPaths = (
			);
			name = "[CP] Copy Pods Resources";
			outputPaths = (
			);
			runOnlyForDeploymentPostprocessing = 0;
			shellPath = /bin/sh;
			shellScript = "\"${SRCROOT}/Pods/Target Support Files/Pods-Instagram/Pods-Instagram-resources.sh\"\n";
			showEnvVarsInLog = 0;
		};
		99EEB3EB2E68004884FD39A9 /* [CP] Copy Pods Resources */ = {
			isa = PBXShellScriptBuildPhase;
			buildActionMask = 2147483647;
			files = (
			);
			inputPaths = (
			);
			name = "[CP] Copy Pods Resources";
			outputPaths = (
			);
			runOnlyForDeploymentPostprocessing = 0;
			shellPath = /bin/sh;
			shellScript = "\"${SRCROOT}/Pods/Target Support Files/Pods-InstagramUITests/Pods-InstagramUITests-resources.sh\"\n";
			showEnvVarsInLog = 0;
		};
		9B5B7BFDA30B7EC82B1CBF34 /* [CP] Check Pods Manifest.lock */ = {
			isa = PBXShellScriptBuildPhase;
			buildActionMask = 2147483647;
			files = (
			);
			inputPaths = (
			);
			name = "[CP] Check Pods Manifest.lock";
			outputPaths = (
			);
			runOnlyForDeploymentPostprocessing = 0;
			shellPath = /bin/sh;
			shellScript = "diff \"${PODS_PODFILE_DIR_PATH}/Podfile.lock\" \"${PODS_ROOT}/Manifest.lock\" > /dev/null\nif [ $? != 0 ] ; then\n    # print error to STDERR\n    echo \"error: The sandbox is not in sync with the Podfile.lock. Run 'pod install' or update your CocoaPods installation.\" >&2\n    exit 1\nfi\n";
			showEnvVarsInLog = 0;
		};
		B4CFC69F73C666EE935D4ABA /* [CP] Copy Pods Resources */ = {
			isa = PBXShellScriptBuildPhase;
			buildActionMask = 2147483647;
			files = (
			);
			inputPaths = (
			);
			name = "[CP] Copy Pods Resources";
			outputPaths = (
			);
			runOnlyForDeploymentPostprocessing = 0;
			shellPath = /bin/sh;
			shellScript = "\"${SRCROOT}/Pods/Target Support Files/Pods-InstagramTests/Pods-InstagramTests-resources.sh\"\n";
			showEnvVarsInLog = 0;
		};
		F961C4526B3092BCF96886EE /* [CP] Embed Pods Frameworks */ = {
			isa = PBXShellScriptBuildPhase;
			buildActionMask = 2147483647;
			files = (
			);
			inputPaths = (
			);
			name = "[CP] Embed Pods Frameworks";
			outputPaths = (
			);
			runOnlyForDeploymentPostprocessing = 0;
			shellPath = /bin/sh;
			shellScript = "\"${SRCROOT}/Pods/Target Support Files/Pods-InstagramUITests/Pods-InstagramUITests-frameworks.sh\"\n";
			showEnvVarsInLog = 0;
		};
/* End PBXShellScriptBuildPhase section */

/* Begin PBXSourcesBuildPhase section */
		CC4E1DCC1F01C29C00C4B31A /* Sources */ = {
			isa = PBXSourcesBuildPhase;
			buildActionMask = 2147483647;
			files = (
				CCCC6EB61F047FAC008D9D53 /* DetailViewController.swift in Sources */,
				CCCC6EB41F047320008D9D53 /* gramProfileCell.swift in Sources */,
				CC4E1E021F01C74E00C4B31A /* LoginViewController.swift in Sources */,
				CC4E1DD61F01C29C00C4B31A /* PhotoMapViewController.swift in Sources */,
				CC4E1DD41F01C29C00C4B31A /* AppDelegate.swift in Sources */,
				CC4E1E041F03076300C4B31A /* Post.swift in Sources */,
				CCCC6EB01F046D69008D9D53 /* ProfileViewController.swift in Sources */,
				CC4682101F03218100BAF684 /* FeedViewController.swift in Sources */,
				CC7DFD571F03150800B84728 /* PostCell.swift in Sources */,
			);
			runOnlyForDeploymentPostprocessing = 0;
		};
		CC4E1DE01F01C29C00C4B31A /* Sources */ = {
			isa = PBXSourcesBuildPhase;
			buildActionMask = 2147483647;
			files = (
				CC4E1DE91F01C29C00C4B31A /* InstagramTests.swift in Sources */,
			);
			runOnlyForDeploymentPostprocessing = 0;
		};
		CC4E1DEB1F01C29C00C4B31A /* Sources */ = {
			isa = PBXSourcesBuildPhase;
			buildActionMask = 2147483647;
			files = (
				CC4E1DF41F01C29C00C4B31A /* InstagramUITests.swift in Sources */,
			);
			runOnlyForDeploymentPostprocessing = 0;
		};
/* End PBXSourcesBuildPhase section */

/* Begin PBXTargetDependency section */
		CC4E1DE61F01C29C00C4B31A /* PBXTargetDependency */ = {
			isa = PBXTargetDependency;
			target = CC4E1DCF1F01C29C00C4B31A /* Instagram */;
			targetProxy = CC4E1DE51F01C29C00C4B31A /* PBXContainerItemProxy */;
		};
		CC4E1DF11F01C29C00C4B31A /* PBXTargetDependency */ = {
			isa = PBXTargetDependency;
			target = CC4E1DCF1F01C29C00C4B31A /* Instagram */;
			targetProxy = CC4E1DF01F01C29C00C4B31A /* PBXContainerItemProxy */;
		};
/* End PBXTargetDependency section */

/* Begin PBXVariantGroup section */
		CC4E1DD71F01C29C00C4B31A /* Main.storyboard */ = {
			isa = PBXVariantGroup;
			children = (
				CC4E1DD81F01C29C00C4B31A /* Base */,
			);
			name = Main.storyboard;
			sourceTree = "<group>";
		};
		CC4E1DDC1F01C29C00C4B31A /* LaunchScreen.storyboard */ = {
			isa = PBXVariantGroup;
			children = (
				CC4E1DDD1F01C29C00C4B31A /* Base */,
			);
			name = LaunchScreen.storyboard;
			sourceTree = "<group>";
		};
/* End PBXVariantGroup section */

/* Begin XCBuildConfiguration section */
		CC4E1DF61F01C29C00C4B31A /* Debug */ = {
			isa = XCBuildConfiguration;
			buildSettings = {
				ALWAYS_SEARCH_USER_PATHS = NO;
				CLANG_ANALYZER_NONNULL = YES;
				CLANG_ANALYZER_NUMBER_OBJECT_CONVERSION = YES_AGGRESSIVE;
				CLANG_CXX_LANGUAGE_STANDARD = "gnu++0x";
				CLANG_CXX_LIBRARY = "libc++";
				CLANG_ENABLE_MODULES = YES;
				CLANG_ENABLE_OBJC_ARC = YES;
				CLANG_WARN_BOOL_CONVERSION = YES;
				CLANG_WARN_CONSTANT_CONVERSION = YES;
				CLANG_WARN_DIRECT_OBJC_ISA_USAGE = YES_ERROR;
				CLANG_WARN_DOCUMENTATION_COMMENTS = YES;
				CLANG_WARN_EMPTY_BODY = YES;
				CLANG_WARN_ENUM_CONVERSION = YES;
				CLANG_WARN_INFINITE_RECURSION = YES;
				CLANG_WARN_INT_CONVERSION = YES;
				CLANG_WARN_OBJC_ROOT_CLASS = YES_ERROR;
				CLANG_WARN_SUSPICIOUS_MOVE = YES;
				CLANG_WARN_UNREACHABLE_CODE = YES;
				CLANG_WARN__DUPLICATE_METHOD_MATCH = YES;
				"CODE_SIGN_IDENTITY[sdk=iphoneos*]" = "iPhone Developer";
				COPY_PHASE_STRIP = NO;
				DEBUG_INFORMATION_FORMAT = dwarf;
				ENABLE_STRICT_OBJC_MSGSEND = YES;
				ENABLE_TESTABILITY = YES;
				GCC_C_LANGUAGE_STANDARD = gnu99;
				GCC_DYNAMIC_NO_PIC = NO;
				GCC_NO_COMMON_BLOCKS = YES;
				GCC_OPTIMIZATION_LEVEL = 0;
				GCC_PREPROCESSOR_DEFINITIONS = (
					"DEBUG=1",
					"$(inherited)",
				);
				GCC_WARN_64_TO_32_BIT_CONVERSION = YES;
				GCC_WARN_ABOUT_RETURN_TYPE = YES_ERROR;
				GCC_WARN_UNDECLARED_SELECTOR = YES;
				GCC_WARN_UNINITIALIZED_AUTOS = YES_AGGRESSIVE;
				GCC_WARN_UNUSED_FUNCTION = YES;
				GCC_WARN_UNUSED_VARIABLE = YES;
				IPHONEOS_DEPLOYMENT_TARGET = 10.3;
				MTL_ENABLE_DEBUG_INFO = YES;
				ONLY_ACTIVE_ARCH = YES;
				SDKROOT = iphoneos;
				SWIFT_ACTIVE_COMPILATION_CONDITIONS = DEBUG;
				SWIFT_OPTIMIZATION_LEVEL = "-Onone";
			};
			name = Debug;
		};
		CC4E1DF71F01C29C00C4B31A /* Release */ = {
			isa = XCBuildConfiguration;
			buildSettings = {
				ALWAYS_SEARCH_USER_PATHS = NO;
				CLANG_ANALYZER_NONNULL = YES;
				CLANG_ANALYZER_NUMBER_OBJECT_CONVERSION = YES_AGGRESSIVE;
				CLANG_CXX_LANGUAGE_STANDARD = "gnu++0x";
				CLANG_CXX_LIBRARY = "libc++";
				CLANG_ENABLE_MODULES = YES;
				CLANG_ENABLE_OBJC_ARC = YES;
				CLANG_WARN_BOOL_CONVERSION = YES;
				CLANG_WARN_CONSTANT_CONVERSION = YES;
				CLANG_WARN_DIRECT_OBJC_ISA_USAGE = YES_ERROR;
				CLANG_WARN_DOCUMENTATION_COMMENTS = YES;
				CLANG_WARN_EMPTY_BODY = YES;
				CLANG_WARN_ENUM_CONVERSION = YES;
				CLANG_WARN_INFINITE_RECURSION = YES;
				CLANG_WARN_INT_CONVERSION = YES;
				CLANG_WARN_OBJC_ROOT_CLASS = YES_ERROR;
				CLANG_WARN_SUSPICIOUS_MOVE = YES;
				CLANG_WARN_UNREACHABLE_CODE = YES;
				CLANG_WARN__DUPLICATE_METHOD_MATCH = YES;
				"CODE_SIGN_IDENTITY[sdk=iphoneos*]" = "iPhone Developer";
				COPY_PHASE_STRIP = NO;
				DEBUG_INFORMATION_FORMAT = "dwarf-with-dsym";
				ENABLE_NS_ASSERTIONS = NO;
				ENABLE_STRICT_OBJC_MSGSEND = YES;
				GCC_C_LANGUAGE_STANDARD = gnu99;
				GCC_NO_COMMON_BLOCKS = YES;
				GCC_WARN_64_TO_32_BIT_CONVERSION = YES;
				GCC_WARN_ABOUT_RETURN_TYPE = YES_ERROR;
				GCC_WARN_UNDECLARED_SELECTOR = YES;
				GCC_WARN_UNINITIALIZED_AUTOS = YES_AGGRESSIVE;
				GCC_WARN_UNUSED_FUNCTION = YES;
				GCC_WARN_UNUSED_VARIABLE = YES;
				IPHONEOS_DEPLOYMENT_TARGET = 10.3;
				MTL_ENABLE_DEBUG_INFO = NO;
				SDKROOT = iphoneos;
				SWIFT_OPTIMIZATION_LEVEL = "-Owholemodule";
				VALIDATE_PRODUCT = YES;
			};
			name = Release;
		};
		CC4E1DF91F01C29C00C4B31A /* Debug */ = {
			isa = XCBuildConfiguration;
			baseConfigurationReference = 4475B3962F5B6F84E65BB023 /* Pods-Instagram.debug.xcconfig */;
			buildSettings = {
				ASSETCATALOG_COMPILER_APPICON_NAME = AppIcon;
				DEVELOPMENT_TEAM = DY98KN5R7D;
				INFOPLIST_FILE = Instagram/Info.plist;
				LD_RUNPATH_SEARCH_PATHS = "$(inherited) @executable_path/Frameworks";
				PRODUCT_BUNDLE_IDENTIFIER = com.Hamlett.FBU.Instagram;
				PRODUCT_NAME = "$(TARGET_NAME)";
				SWIFT_VERSION = 3.0;
			};
			name = Debug;
		};
		CC4E1DFA1F01C29C00C4B31A /* Release */ = {
			isa = XCBuildConfiguration;
			baseConfigurationReference = 0BE2CE6A95A05FD2BA074D16 /* Pods-Instagram.release.xcconfig */;
			buildSettings = {
				ASSETCATALOG_COMPILER_APPICON_NAME = AppIcon;
				DEVELOPMENT_TEAM = DY98KN5R7D;
				INFOPLIST_FILE = Instagram/Info.plist;
				LD_RUNPATH_SEARCH_PATHS = "$(inherited) @executable_path/Frameworks";
				PRODUCT_BUNDLE_IDENTIFIER = com.Hamlett.FBU.Instagram;
				PRODUCT_NAME = "$(TARGET_NAME)";
				SWIFT_VERSION = 3.0;
			};
			name = Release;
		};
		CC4E1DFC1F01C29C00C4B31A /* Debug */ = {
			isa = XCBuildConfiguration;
			baseConfigurationReference = 749C7425213A6801CDF38F25 /* Pods-InstagramTests.debug.xcconfig */;
			buildSettings = {
				ALWAYS_EMBED_SWIFT_STANDARD_LIBRARIES = YES;
				BUNDLE_LOADER = "$(TEST_HOST)";
				INFOPLIST_FILE = InstagramTests/Info.plist;
				LD_RUNPATH_SEARCH_PATHS = "$(inherited) @executable_path/Frameworks @loader_path/Frameworks";
				PRODUCT_BUNDLE_IDENTIFIER = com.Hamlett.FBU.InstagramTests;
				PRODUCT_NAME = "$(TARGET_NAME)";
				SWIFT_VERSION = 3.0;
				TEST_HOST = "$(BUILT_PRODUCTS_DIR)/Instagram.app/Instagram";
			};
			name = Debug;
		};
		CC4E1DFD1F01C29C00C4B31A /* Release */ = {
			isa = XCBuildConfiguration;
			baseConfigurationReference = F48F2400FDC586B0FF4E291F /* Pods-InstagramTests.release.xcconfig */;
			buildSettings = {
				ALWAYS_EMBED_SWIFT_STANDARD_LIBRARIES = YES;
				BUNDLE_LOADER = "$(TEST_HOST)";
				INFOPLIST_FILE = InstagramTests/Info.plist;
				LD_RUNPATH_SEARCH_PATHS = "$(inherited) @executable_path/Frameworks @loader_path/Frameworks";
				PRODUCT_BUNDLE_IDENTIFIER = com.Hamlett.FBU.InstagramTests;
				PRODUCT_NAME = "$(TARGET_NAME)";
				SWIFT_VERSION = 3.0;
				TEST_HOST = "$(BUILT_PRODUCTS_DIR)/Instagram.app/Instagram";
			};
			name = Release;
		};
		CC4E1DFF1F01C29C00C4B31A /* Debug */ = {
			isa = XCBuildConfiguration;
			baseConfigurationReference = 9E0BD5A11E0BF8A0B6E5F080 /* Pods-InstagramUITests.debug.xcconfig */;
			buildSettings = {
				ALWAYS_EMBED_SWIFT_STANDARD_LIBRARIES = YES;
				INFOPLIST_FILE = InstagramUITests/Info.plist;
				LD_RUNPATH_SEARCH_PATHS = "$(inherited) @executable_path/Frameworks @loader_path/Frameworks";
				PRODUCT_BUNDLE_IDENTIFIER = com.Hamlett.FBU.InstagramUITests;
				PRODUCT_NAME = "$(TARGET_NAME)";
				SWIFT_VERSION = 3.0;
				TEST_TARGET_NAME = Instagram;
			};
			name = Debug;
		};
		CC4E1E001F01C29C00C4B31A /* Release */ = {
			isa = XCBuildConfiguration;
			baseConfigurationReference = C03802096040B423BB739E11 /* Pods-InstagramUITests.release.xcconfig */;
			buildSettings = {
				ALWAYS_EMBED_SWIFT_STANDARD_LIBRARIES = YES;
				INFOPLIST_FILE = InstagramUITests/Info.plist;
				LD_RUNPATH_SEARCH_PATHS = "$(inherited) @executable_path/Frameworks @loader_path/Frameworks";
				PRODUCT_BUNDLE_IDENTIFIER = com.Hamlett.FBU.InstagramUITests;
				PRODUCT_NAME = "$(TARGET_NAME)";
				SWIFT_VERSION = 3.0;
				TEST_TARGET_NAME = Instagram;
			};
			name = Release;
		};
/* End XCBuildConfiguration section */

/* Begin XCConfigurationList section */
		CC4E1DCB1F01C29C00C4B31A /* Build configuration list for PBXProject "Instagram" */ = {
			isa = XCConfigurationList;
			buildConfigurations = (
				CC4E1DF61F01C29C00C4B31A /* Debug */,
				CC4E1DF71F01C29C00C4B31A /* Release */,
			);
			defaultConfigurationIsVisible = 0;
			defaultConfigurationName = Release;
		};
		CC4E1DF81F01C29C00C4B31A /* Build configuration list for PBXNativeTarget "Instagram" */ = {
			isa = XCConfigurationList;
			buildConfigurations = (
				CC4E1DF91F01C29C00C4B31A /* Debug */,
				CC4E1DFA1F01C29C00C4B31A /* Release */,
			);
			defaultConfigurationIsVisible = 0;
			defaultConfigurationName = Release;
		};
		CC4E1DFB1F01C29C00C4B31A /* Build configuration list for PBXNativeTarget "InstagramTests" */ = {
			isa = XCConfigurationList;
			buildConfigurations = (
				CC4E1DFC1F01C29C00C4B31A /* Debug */,
				CC4E1DFD1F01C29C00C4B31A /* Release */,
			);
			defaultConfigurationIsVisible = 0;
			defaultConfigurationName = Release;
		};
		CC4E1DFE1F01C29C00C4B31A /* Build configuration list for PBXNativeTarget "InstagramUITests" */ = {
			isa = XCConfigurationList;
			buildConfigurations = (
				CC4E1DFF1F01C29C00C4B31A /* Debug */,
				CC4E1E001F01C29C00C4B31A /* Release */,
			);
			defaultConfigurationIsVisible = 0;
			defaultConfigurationName = Release;
		};
/* End XCConfigurationList section */
	};
	rootObject = CC4E1DC81F01C29C00C4B31A /* Project object */;
}
